
Microsoft Visual Studio Solution File, Format Version 12.00
# Visual Studio Version 17
VisualStudioVersion = 17.5.33530.505
MinimumVisualStudioVersion = 10.0.40219.1
Project("{9A19103F-16F7-4668-BE54-9A1E7A4F7556}") = "ProfundizandoEnCSharp", "ProfundizandoEnCSharp\ProfundizandoEnCSharp.csproj", "{EC449F7A-5A41-4972-A6AC-16EBA739D92C}"
EndProject
Project("{9A19103F-16F7-4668-BE54-9A1E7A4F7556}") = "ProfundizandoCSharpTests", "ProfundizandoCSharpTests\ProfundizandoCSharpTests.csproj", "{CD5737CC-76B2-4EE7-A48B-9C18B4FBD7CE}"
EndProject
Project("{2150E333-8FDC-42A3-9474-1A3956D46DE8}") = "Playground", "Playground", "{FE3DB786-62F7-4AA1-8D5F-0194DD0C47BC}"
EndProject
Project("{9A19103F-16F7-4668-BE54-9A1E7A4F7556}") = "Infrastructure", "Infrastructure\Infrastructure.csproj", "{841829BA-119D-43A2-9A1B-DA54F906D4C9}"
EndProject
Project("{9A19103F-16F7-4668-BE54-9A1E7A4F7556}") = "Infrastructure.Tests", "Infrastructure.Tests\Infrastructure.Tests.csproj", "{4D35872B-4A40-4E8E-A5F8-26AAB96CECEF}"
EndProject
Project("{9A19103F-16F7-4668-BE54-9A1E7A4F7556}") = "ProvandoAutoResetEvent", "ProvandoAutoResetEvent\ProvandoAutoResetEvent.csproj", "{2344A834-FC42-4302-8225-DC80DE8E1AFA}"
EndProject
Project("{9A19103F-16F7-4668-BE54-9A1E7A4F7556}") = "Erp.Web.AspNet", "Erp.Web.AspNet\Erp.Web.AspNet.csproj", "{FB144CFC-E89C-4C4E-B45D-684C456F3248}"
EndProject
Project("{FAE04EC0-301F-11D3-BF4B-00C04F79EFBC}") = "Infrastructure.EntityFramework", "Infrastructure.EntityFramework\Infrastructure.EntityFramework.csproj", "{4E3AB973-677C-477D-91C6-F4CD89275BC4}"
EndProject
Global
	GlobalSection(SolutionConfigurationPlatforms) = preSolution
		Debug|Any CPU = Debug|Any CPU
		Release|Any CPU = Release|Any CPU
	EndGlobalSection
	GlobalSection(ProjectConfigurationPlatforms) = postSolution
		{EC449F7A-5A41-4972-A6AC-16EBA739D92C}.Debug|Any CPU.ActiveCfg = Debug|Any CPU
		{EC449F7A-5A41-4972-A6AC-16EBA739D92C}.Debug|Any CPU.Build.0 = Debug|Any CPU
		{EC449F7A-5A41-4972-A6AC-16EBA739D92C}.Release|Any CPU.ActiveCfg = Release|Any CPU
		{EC449F7A-5A41-4972-A6AC-16EBA739D92C}.Release|Any CPU.Build.0 = Release|Any CPU
		{CD5737CC-76B2-4EE7-A48B-9C18B4FBD7CE}.Debug|Any CPU.ActiveCfg = Debug|Any CPU
		{CD5737CC-76B2-4EE7-A48B-9C18B4FBD7CE}.Debug|Any CPU.Build.0 = Debug|Any CPU
		{CD5737CC-76B2-4EE7-A48B-9C18B4FBD7CE}.Release|Any CPU.ActiveCfg = Release|Any CPU
		{CD5737CC-76B2-4EE7-A48B-9C18B4FBD7CE}.Release|Any CPU.Build.0 = Release|Any CPU
		{841829BA-119D-43A2-9A1B-DA54F906D4C9}.Debug|Any CPU.ActiveCfg = Debug|Any CPU
		{841829BA-119D-43A2-9A1B-DA54F906D4C9}.Debug|Any CPU.Build.0 = Debug|Any CPU
		{841829BA-119D-43A2-9A1B-DA54F906D4C9}.Release|Any CPU.ActiveCfg = Release|Any CPU
		{841829BA-119D-43A2-9A1B-DA54F906D4C9}.Release|Any CPU.Build.0 = Release|Any CPU
		{4D35872B-4A40-4E8E-A5F8-26AAB96CECEF}.Debug|Any CPU.ActiveCfg = Debug|Any CPU
		{4D35872B-4A40-4E8E-A5F8-26AAB96CECEF}.Debug|Any CPU.Build.0 = Debug|Any CPU
		{4D35872B-4A40-4E8E-A5F8-26AAB96CECEF}.Release|Any CPU.ActiveCfg = Release|Any CPU
		{4D35872B-4A40-4E8E-A5F8-26AAB96CECEF}.Release|Any CPU.Build.0 = Release|Any CPU
		{2344A834-FC42-4302-8225-DC80DE8E1AFA}.Debug|Any CPU.ActiveCfg = Debug|Any CPU
		{2344A834-FC42-4302-8225-DC80DE8E1AFA}.Debug|Any CPU.Build.0 = Debug|Any CPU
		{2344A834-FC42-4302-8225-DC80DE8E1AFA}.Release|Any CPU.ActiveCfg = Release|Any CPU
		{2344A834-FC42-4302-8225-DC80DE8E1AFA}.Release|Any CPU.Build.0 = Release|Any CPU
		{FB144CFC-E89C-4C4E-B45D-684C456F3248}.Debug|Any CPU.ActiveCfg = Debug|Any CPU
		{FB144CFC-E89C-4C4E-B45D-684C456F3248}.Debug|Any CPU.Build.0 = Debug|Any CPU
		{FB144CFC-E89C-4C4E-B45D-684C456F3248}.Release|Any CPU.ActiveCfg = Release|Any CPU
		{FB144CFC-E89C-4C4E-B45D-684C456F3248}.Release|Any CPU.Build.0 = Release|Any CPU
		{4E3AB973-677C-477D-91C6-F4CD89275BC4}.Debug|Any CPU.ActiveCfg = Debug|Any CPU
		{4E3AB973-677C-477D-91C6-F4CD89275BC4}.Debug|Any CPU.Build.0 = Debug|Any CPU
		{4E3AB973-677C-477D-91C6-F4CD89275BC4}.Release|Any CPU.ActiveCfg = Release|Any CPU
		{4E3AB973-677C-477D-91C6-F4CD89275BC4}.Release|Any CPU.Build.0 = Release|Any CPU
	EndGlobalSection
	GlobalSection(SolutionProperties) = preSolution
		HideSolutionNode = FALSE
	EndGlobalSection
	GlobalSection(NestedProjects) = preSolution
		{EC449F7A-5A41-4972-A6AC-16EBA739D92C} = {FE3DB786-62F7-4AA1-8D5F-0194DD0C47BC}
		{CD5737CC-76B2-4EE7-A48B-9C18B4FBD7CE} = {FE3DB786-62F7-4AA1-8D5F-0194DD0C47BC}
		{2344A834-FC42-4302-8225-DC80DE8E1AFA} = {FE3DB786-62F7-4AA1-8D5F-0194DD0C47BC}
	EndGlobalSection
	GlobalSection(ExtensibilityGlobals) = postSolution
		SolutionGuid = {29DDCCB2-5C98-449A-907A-3CDE636C42D9}
	EndGlobalSection
EndGlobal
